// !$*UTF8*$!
{
	archiveVersion = 1;
	classes = {
	};
	objectVersion = 46;
	objects = {

/* Begin PBXBuildFile section */
		D749DB0F1DAFBC4F00D7FEAB /* Main.storyboard in Resources */ = {isa = PBXBuildFile; fileRef = D749DB0D1DAFBC4F00D7FEAB /* Main.storyboard */; };
		D749DB111DAFBC4F00D7FEAB /* Assets.xcassets in Resources */ = {isa = PBXBuildFile; fileRef = D749DB101DAFBC4F00D7FEAB /* Assets.xcassets */; };
		D749DB141DAFBC4F00D7FEAB /* LaunchScreen.storyboard in Resources */ = {isa = PBXBuildFile; fileRef = D749DB121DAFBC4F00D7FEAB /* LaunchScreen.storyboard */; };
		D749DB1F1DAFBC4F00D7FEAB /* BuDeJieTests.m in Sources */ = {isa = PBXBuildFile; fileRef = D749DB1E1DAFBC4F00D7FEAB /* BuDeJieTests.m */; };
		D749DB2A1DAFBC4F00D7FEAB /* BuDeJieUITests.m in Sources */ = {isa = PBXBuildFile; fileRef = D749DB291DAFBC4F00D7FEAB /* BuDeJieUITests.m */; };
		D749DB501DAFF13D00D7FEAB /* AppDelegate.m in Sources */ = {isa = PBXBuildFile; fileRef = D749DB4E1DAFF13D00D7FEAB /* AppDelegate.m */; };
		D749DB511DAFF13D00D7FEAB /* main.m in Sources */ = {isa = PBXBuildFile; fileRef = D749DB4F1DAFF13D00D7FEAB /* main.m */; };
		D749DB541DAFF18900D7FEAB /* ZBLEssenceViewController.m in Sources */ = {isa = PBXBuildFile; fileRef = D749DB531DAFF18900D7FEAB /* ZBLEssenceViewController.m */; };
		D749DB571DAFF1D300D7FEAB /* ZBLFriendTrendViewController.m in Sources */ = {isa = PBXBuildFile; fileRef = D749DB561DAFF1D300D7FEAB /* ZBLFriendTrendViewController.m */; };
		D749DB5A1DAFF21200D7FEAB /* ZBLMeViewController.m in Sources */ = {isa = PBXBuildFile; fileRef = D749DB591DAFF21200D7FEAB /* ZBLMeViewController.m */; };
		D749DB5D1DAFF23A00D7FEAB /* ZBLNewViewController.m in Sources */ = {isa = PBXBuildFile; fileRef = D749DB5C1DAFF23A00D7FEAB /* ZBLNewViewController.m */; };
		D749DB611DAFF26900D7FEAB /* ZBLPublishViewController.m in Sources */ = {isa = PBXBuildFile; fileRef = D749DB601DAFF26900D7FEAB /* ZBLPublishViewController.m */; };
		D749DB681DB0ACF800D7FEAB /* ZBLTabBarController.m in Sources */ = {isa = PBXBuildFile; fileRef = D749DB671DB0ACF800D7FEAB /* ZBLTabBarController.m */; };
		D749DB6C1DB12B2D00D7FEAB /* UIImage+image.m in Sources */ = {isa = PBXBuildFile; fileRef = D749DB6B1DB12B2D00D7FEAB /* UIImage+image.m */; };
		D749DB6F1DB1BFDF00D7FEAB /* ZBLTabBar.m in Sources */ = {isa = PBXBuildFile; fileRef = D749DB6E1DB1BFDF00D7FEAB /* ZBLTabBar.m */; };
		D749DB721DB2A95600D7FEAB /* UIView+Frame.m in Sources */ = {isa = PBXBuildFile; fileRef = D749DB711DB2A95600D7FEAB /* UIView+Frame.m */; };
/* End PBXBuildFile section */

/* Begin PBXContainerItemProxy section */
		D749DB1B1DAFBC4F00D7FEAB /* PBXContainerItemProxy */ = {
			isa = PBXContainerItemProxy;
			containerPortal = D749DAF91DAFBC4E00D7FEAB /* Project object */;
			proxyType = 1;
			remoteGlobalIDString = D749DB001DAFBC4E00D7FEAB;
			remoteInfo = BuDeJie;
		};
		D749DB261DAFBC4F00D7FEAB /* PBXContainerItemProxy */ = {
			isa = PBXContainerItemProxy;
			containerPortal = D749DAF91DAFBC4E00D7FEAB /* Project object */;
			proxyType = 1;
			remoteGlobalIDString = D749DB001DAFBC4E00D7FEAB;
			remoteInfo = BuDeJie;
		};
/* End PBXContainerItemProxy section */

/* Begin PBXFileReference section */
		D749DB011DAFBC4E00D7FEAB /* BuDeJie.app */ = {isa = PBXFileReference; explicitFileType = wrapper.application; includeInIndex = 0; path = BuDeJie.app; sourceTree = BUILT_PRODUCTS_DIR; };
		D749DB0E1DAFBC4F00D7FEAB /* Base */ = {isa = PBXFileReference; lastKnownFileType = file.storyboard; name = Base; path = Base.lproj/Main.storyboard; sourceTree = "<group>"; };
		D749DB101DAFBC4F00D7FEAB /* Assets.xcassets */ = {isa = PBXFileReference; lastKnownFileType = folder.assetcatalog; path = Assets.xcassets; sourceTree = "<group>"; };
		D749DB131DAFBC4F00D7FEAB /* Base */ = {isa = PBXFileReference; lastKnownFileType = file.storyboard; name = Base; path = Base.lproj/LaunchScreen.storyboard; sourceTree = "<group>"; };
		D749DB151DAFBC4F00D7FEAB /* Info.plist */ = {isa = PBXFileReference; lastKnownFileType = text.plist.xml; path = Info.plist; sourceTree = "<group>"; };
		D749DB1A1DAFBC4F00D7FEAB /* BuDeJieTests.xctest */ = {isa = PBXFileReference; explicitFileType = wrapper.cfbundle; includeInIndex = 0; path = BuDeJieTests.xctest; sourceTree = BUILT_PRODUCTS_DIR; };
		D749DB1E1DAFBC4F00D7FEAB /* BuDeJieTests.m */ = {isa = PBXFileReference; lastKnownFileType = sourcecode.c.objc; path = BuDeJieTests.m; sourceTree = "<group>"; };
		D749DB201DAFBC4F00D7FEAB /* Info.plist */ = {isa = PBXFileReference; lastKnownFileType = text.plist.xml; path = Info.plist; sourceTree = "<group>"; };
		D749DB251DAFBC4F00D7FEAB /* BuDeJieUITests.xctest */ = {isa = PBXFileReference; explicitFileType = wrapper.cfbundle; includeInIndex = 0; path = BuDeJieUITests.xctest; sourceTree = BUILT_PRODUCTS_DIR; };
		D749DB291DAFBC4F00D7FEAB /* BuDeJieUITests.m */ = {isa = PBXFileReference; lastKnownFileType = sourcecode.c.objc; path = BuDeJieUITests.m; sourceTree = "<group>"; };
		D749DB2B1DAFBC5000D7FEAB /* Info.plist */ = {isa = PBXFileReference; lastKnownFileType = text.plist.xml; path = Info.plist; sourceTree = "<group>"; };
		D749DB4D1DAFF13D00D7FEAB /* AppDelegate.h */ = {isa = PBXFileReference; fileEncoding = 4; lastKnownFileType = sourcecode.c.h; path = AppDelegate.h; sourceTree = "<group>"; };
		D749DB4E1DAFF13D00D7FEAB /* AppDelegate.m */ = {isa = PBXFileReference; fileEncoding = 4; lastKnownFileType = sourcecode.c.objc; path = AppDelegate.m; sourceTree = "<group>"; };
		D749DB4F1DAFF13D00D7FEAB /* main.m */ = {isa = PBXFileReference; fileEncoding = 4; lastKnownFileType = sourcecode.c.objc; path = main.m; sourceTree = "<group>"; };
		D749DB521DAFF18900D7FEAB /* ZBLEssenceViewController.h */ = {isa = PBXFileReference; fileEncoding = 4; lastKnownFileType = sourcecode.c.h; path = ZBLEssenceViewController.h; sourceTree = "<group>"; };
		D749DB531DAFF18900D7FEAB /* ZBLEssenceViewController.m */ = {isa = PBXFileReference; fileEncoding = 4; lastKnownFileType = sourcecode.c.objc; path = ZBLEssenceViewController.m; sourceTree = "<group>"; };
		D749DB551DAFF1D300D7FEAB /* ZBLFriendTrendViewController.h */ = {isa = PBXFileReference; fileEncoding = 4; lastKnownFileType = sourcecode.c.h; path = ZBLFriendTrendViewController.h; sourceTree = "<group>"; };
		D749DB561DAFF1D300D7FEAB /* ZBLFriendTrendViewController.m */ = {isa = PBXFileReference; fileEncoding = 4; lastKnownFileType = sourcecode.c.objc; path = ZBLFriendTrendViewController.m; sourceTree = "<group>"; };
		D749DB581DAFF21200D7FEAB /* ZBLMeViewController.h */ = {isa = PBXFileReference; fileEncoding = 4; lastKnownFileType = sourcecode.c.h; path = ZBLMeViewController.h; sourceTree = "<group>"; };
		D749DB591DAFF21200D7FEAB /* ZBLMeViewController.m */ = {isa = PBXFileReference; fileEncoding = 4; lastKnownFileType = sourcecode.c.objc; path = ZBLMeViewController.m; sourceTree = "<group>"; };
		D749DB5B1DAFF23A00D7FEAB /* ZBLNewViewController.h */ = {isa = PBXFileReference; fileEncoding = 4; lastKnownFileType = sourcecode.c.h; path = ZBLNewViewController.h; sourceTree = "<group>"; };
		D749DB5C1DAFF23A00D7FEAB /* ZBLNewViewController.m */ = {isa = PBXFileReference; fileEncoding = 4; lastKnownFileType = sourcecode.c.objc; path = ZBLNewViewController.m; sourceTree = "<group>"; };
		D749DB5F1DAFF26900D7FEAB /* ZBLPublishViewController.h */ = {isa = PBXFileReference; fileEncoding = 4; lastKnownFileType = sourcecode.c.h; path = ZBLPublishViewController.h; sourceTree = "<group>"; };
		D749DB601DAFF26900D7FEAB /* ZBLPublishViewController.m */ = {isa = PBXFileReference; fileEncoding = 4; lastKnownFileType = sourcecode.c.objc; path = ZBLPublishViewController.m; sourceTree = "<group>"; };
		D749DB661DB0ACF800D7FEAB /* ZBLTabBarController.h */ = {isa = PBXFileReference; fileEncoding = 4; lastKnownFileType = sourcecode.c.h; path = ZBLTabBarController.h; sourceTree = "<group>"; };
		D749DB671DB0ACF800D7FEAB /* ZBLTabBarController.m */ = {isa = PBXFileReference; fileEncoding = 4; lastKnownFileType = sourcecode.c.objc; path = ZBLTabBarController.m; sourceTree = "<group>"; };
		D749DB6A1DB12B2D00D7FEAB /* UIImage+image.h */ = {isa = PBXFileReference; fileEncoding = 4; lastKnownFileType = sourcecode.c.h; path = "UIImage+image.h"; sourceTree = "<group>"; };
		D749DB6B1DB12B2D00D7FEAB /* UIImage+image.m */ = {isa = PBXFileReference; fileEncoding = 4; lastKnownFileType = sourcecode.c.objc; path = "UIImage+image.m"; sourceTree = "<group>"; };
		D749DB6D1DB1BFDF00D7FEAB /* ZBLTabBar.h */ = {isa = PBXFileReference; fileEncoding = 4; lastKnownFileType = sourcecode.c.h; path = ZBLTabBar.h; sourceTree = "<group>"; };
		D749DB6E1DB1BFDF00D7FEAB /* ZBLTabBar.m */ = {isa = PBXFileReference; fileEncoding = 4; lastKnownFileType = sourcecode.c.objc; path = ZBLTabBar.m; sourceTree = "<group>"; };
		D749DB701DB2A95600D7FEAB /* UIView+Frame.h */ = {isa = PBXFileReference; fileEncoding = 4; lastKnownFileType = sourcecode.c.h; path = "UIView+Frame.h"; sourceTree = "<group>"; };
		D749DB711DB2A95600D7FEAB /* UIView+Frame.m */ = {isa = PBXFileReference; fileEncoding = 4; lastKnownFileType = sourcecode.c.objc; path = "UIView+Frame.m"; sourceTree = "<group>"; };
		D749DB731DB2AC4700D7FEAB /* BuDeJie.h */ = {isa = PBXFileReference; lastKnownFileType = sourcecode.c.h; path = BuDeJie.h; sourceTree = "<group>"; };
		D749DB741DB30AAF00D7FEAB /* BuDeJie.pch */ = {isa = PBXFileReference; lastKnownFileType = sourcecode.c.h; path = BuDeJie.pch; sourceTree = "<group>"; };
/* End PBXFileReference section */

/* Begin PBXFrameworksBuildPhase section */
		D749DAFE1DAFBC4E00D7FEAB /* Frameworks */ = {
			isa = PBXFrameworksBuildPhase;
			buildActionMask = 2147483647;
			files = (
			);
			runOnlyForDeploymentPostprocessing = 0;
		};
		D749DB171DAFBC4F00D7FEAB /* Frameworks */ = {
			isa = PBXFrameworksBuildPhase;
			buildActionMask = 2147483647;
			files = (
			);
			runOnlyForDeploymentPostprocessing = 0;
		};
		D749DB221DAFBC4F00D7FEAB /* Frameworks */ = {
			isa = PBXFrameworksBuildPhase;
			buildActionMask = 2147483647;
			files = (
			);
			runOnlyForDeploymentPostprocessing = 0;
		};
/* End PBXFrameworksBuildPhase section */

/* Begin PBXGroup section */
		D749DAF81DAFBC4E00D7FEAB = {
			isa = PBXGroup;
			children = (
				D749DB031DAFBC4E00D7FEAB /* BuDeJie */,
				D749DB1D1DAFBC4F00D7FEAB /* BuDeJieTests */,
				D749DB281DAFBC4F00D7FEAB /* BuDeJieUITests */,
				D749DB021DAFBC4E00D7FEAB /* Products */,
			);
			sourceTree = "<group>";
		};
		D749DB021DAFBC4E00D7FEAB /* Products */ = {
			isa = PBXGroup;
			children = (
				D749DB011DAFBC4E00D7FEAB /* BuDeJie.app */,
				D749DB1A1DAFBC4F00D7FEAB /* BuDeJieTests.xctest */,
				D749DB251DAFBC4F00D7FEAB /* BuDeJieUITests.xctest */,
			);
			name = Products;
			sourceTree = "<group>";
		};
		D749DB031DAFBC4E00D7FEAB /* BuDeJie */ = {
			isa = PBXGroup;
			children = (
				D749DB371DAFF13D00D7FEAB /* Classes */,
				D749DB0D1DAFBC4F00D7FEAB /* Main.storyboard */,
				D749DB101DAFBC4F00D7FEAB /* Assets.xcassets */,
				D749DB121DAFBC4F00D7FEAB /* LaunchScreen.storyboard */,
				D749DB151DAFBC4F00D7FEAB /* Info.plist */,
				D749DB041DAFBC4E00D7FEAB /* Supporting Files */,
			);
			path = BuDeJie;
			sourceTree = "<group>";
		};
		D749DB041DAFBC4E00D7FEAB /* Supporting Files */ = {
			isa = PBXGroup;
			children = (
			);
			name = "Supporting Files";
			sourceTree = "<group>";
		};
		D749DB1D1DAFBC4F00D7FEAB /* BuDeJieTests */ = {
			isa = PBXGroup;
			children = (
				D749DB1E1DAFBC4F00D7FEAB /* BuDeJieTests.m */,
				D749DB201DAFBC4F00D7FEAB /* Info.plist */,
			);
			path = BuDeJieTests;
			sourceTree = "<group>";
		};
		D749DB281DAFBC4F00D7FEAB /* BuDeJieUITests */ = {
			isa = PBXGroup;
			children = (
				D749DB291DAFBC4F00D7FEAB /* BuDeJieUITests.m */,
				D749DB2B1DAFBC5000D7FEAB /* Info.plist */,
			);
			path = BuDeJieUITests;
			sourceTree = "<group>";
		};
		D749DB371DAFF13D00D7FEAB /* Classes */ = {
			isa = PBXGroup;
			children = (
				D749DB621DB0ACCC00D7FEAB /* Main(主要) */,
				D749DB381DAFF13D00D7FEAB /* Me(我) */,
				D749DB3C1DAFF13D00D7FEAB /* Essence(精华) */,
				D749DB401DAFF13D00D7FEAB /* New(新帖) */,
				D749DB441DAFF13D00D7FEAB /* Publish()发布 */,
				D749DB481DAFF13D00D7FEAB /* FriendTrend(关注) */,
				D749DB4C1DAFF13D00D7FEAB /* Other */,
			);
			path = Classes;
			sourceTree = "<group>";
		};
		D749DB381DAFF13D00D7FEAB /* Me(我) */ = {
			isa = PBXGroup;
			children = (
				D749DB391DAFF13D00D7FEAB /* Controller */,
				D749DB3A1DAFF13D00D7FEAB /* Model */,
				D749DB3B1DAFF13D00D7FEAB /* View */,
			);
			path = "Me(我)";
			sourceTree = "<group>";
		};
		D749DB391DAFF13D00D7FEAB /* Controller */ = {
			isa = PBXGroup;
			children = (
				D749DB581DAFF21200D7FEAB /* ZBLMeViewController.h */,
				D749DB591DAFF21200D7FEAB /* ZBLMeViewController.m */,
			);
			path = Controller;
			sourceTree = "<group>";
		};
		D749DB3A1DAFF13D00D7FEAB /* Model */ = {
			isa = PBXGroup;
			children = (
			);
			path = Model;
			sourceTree = "<group>";
		};
		D749DB3B1DAFF13D00D7FEAB /* View */ = {
			isa = PBXGroup;
			children = (
			);
			path = View;
			sourceTree = "<group>";
		};
		D749DB3C1DAFF13D00D7FEAB /* Essence(精华) */ = {
			isa = PBXGroup;
			children = (
				D749DB3D1DAFF13D00D7FEAB /* Controller */,
				D749DB3E1DAFF13D00D7FEAB /* Model */,
				D749DB3F1DAFF13D00D7FEAB /* View */,
			);
			path = "Essence(精华)";
			sourceTree = "<group>";
		};
		D749DB3D1DAFF13D00D7FEAB /* Controller */ = {
			isa = PBXGroup;
			children = (
				D749DB521DAFF18900D7FEAB /* ZBLEssenceViewController.h */,
				D749DB531DAFF18900D7FEAB /* ZBLEssenceViewController.m */,
			);
			path = Controller;
			sourceTree = "<group>";
		};
		D749DB3E1DAFF13D00D7FEAB /* Model */ = {
			isa = PBXGroup;
			children = (
			);
			path = Model;
			sourceTree = "<group>";
		};
		D749DB3F1DAFF13D00D7FEAB /* View */ = {
			isa = PBXGroup;
			children = (
			);
			path = View;
			sourceTree = "<group>";
		};
		D749DB401DAFF13D00D7FEAB /* New(新帖) */ = {
			isa = PBXGroup;
			children = (
				D749DB411DAFF13D00D7FEAB /* Controller */,
				D749DB421DAFF13D00D7FEAB /* Model */,
				D749DB431DAFF13D00D7FEAB /* View */,
			);
			path = "New(新帖)";
			sourceTree = "<group>";
		};
		D749DB411DAFF13D00D7FEAB /* Controller */ = {
			isa = PBXGroup;
			children = (
				D749DB5B1DAFF23A00D7FEAB /* ZBLNewViewController.h */,
				D749DB5C1DAFF23A00D7FEAB /* ZBLNewViewController.m */,
			);
			path = Controller;
			sourceTree = "<group>";
		};
		D749DB421DAFF13D00D7FEAB /* Model */ = {
			isa = PBXGroup;
			children = (
			);
			path = Model;
			sourceTree = "<group>";
		};
		D749DB431DAFF13D00D7FEAB /* View */ = {
			isa = PBXGroup;
			children = (
			);
			path = View;
			sourceTree = "<group>";
		};
		D749DB441DAFF13D00D7FEAB /* Publish()发布 */ = {
			isa = PBXGroup;
			children = (
				D749DB451DAFF13D00D7FEAB /* Controller */,
				D749DB461DAFF13D00D7FEAB /* Model */,
				D749DB471DAFF13D00D7FEAB /* View */,
			);
			path = "Publish()发布";
			sourceTree = "<group>";
		};
		D749DB451DAFF13D00D7FEAB /* Controller */ = {
			isa = PBXGroup;
			children = (
				D749DB5F1DAFF26900D7FEAB /* ZBLPublishViewController.h */,
				D749DB601DAFF26900D7FEAB /* ZBLPublishViewController.m */,
			);
			path = Controller;
			sourceTree = "<group>";
		};
		D749DB461DAFF13D00D7FEAB /* Model */ = {
			isa = PBXGroup;
			children = (
			);
			path = Model;
			sourceTree = "<group>";
		};
		D749DB471DAFF13D00D7FEAB /* View */ = {
			isa = PBXGroup;
			children = (
			);
			path = View;
			sourceTree = "<group>";
		};
		D749DB481DAFF13D00D7FEAB /* FriendTrend(关注) */ = {
			isa = PBXGroup;
			children = (
				D749DB491DAFF13D00D7FEAB /* Controller */,
				D749DB4A1DAFF13D00D7FEAB /* Model */,
				D749DB4B1DAFF13D00D7FEAB /* View */,
			);
			path = "FriendTrend(关注)";
			sourceTree = "<group>";
		};
		D749DB491DAFF13D00D7FEAB /* Controller */ = {
			isa = PBXGroup;
			children = (
				D749DB551DAFF1D300D7FEAB /* ZBLFriendTrendViewController.h */,
				D749DB561DAFF1D300D7FEAB /* ZBLFriendTrendViewController.m */,
			);
			path = Controller;
			sourceTree = "<group>";
		};
		D749DB4A1DAFF13D00D7FEAB /* Model */ = {
			isa = PBXGroup;
			children = (
			);
			path = Model;
			sourceTree = "<group>";
		};
		D749DB4B1DAFF13D00D7FEAB /* View */ = {
			isa = PBXGroup;
			children = (
			);
			path = View;
			sourceTree = "<group>";
		};
		D749DB4C1DAFF13D00D7FEAB /* Other */ = {
			isa = PBXGroup;
			children = (
				D749DB691DB1243F00D7FEAB /* Category */,
				D749DB4D1DAFF13D00D7FEAB /* AppDelegate.h */,
				D749DB4E1DAFF13D00D7FEAB /* AppDelegate.m */,
				D749DB4F1DAFF13D00D7FEAB /* main.m */,
				D749DB731DB2AC4700D7FEAB /* BuDeJie.h */,
				D749DB741DB30AAF00D7FEAB /* BuDeJie.pch */,
			);
			path = Other;
			sourceTree = "<group>";
		};
		D749DB621DB0ACCC00D7FEAB /* Main(主要) */ = {
			isa = PBXGroup;
			children = (
				D749DB631DB0ACCC00D7FEAB /* Controller */,
				D749DB641DB0ACCC00D7FEAB /* Model */,
				D749DB651DB0ACCC00D7FEAB /* View */,
			);
			path = "Main(主要)";
			sourceTree = "<group>";
		};
		D749DB631DB0ACCC00D7FEAB /* Controller */ = {
			isa = PBXGroup;
			children = (
				D749DB661DB0ACF800D7FEAB /* ZBLTabBarController.h */,
				D749DB671DB0ACF800D7FEAB /* ZBLTabBarController.m */,
			);
			path = Controller;
			sourceTree = "<group>";
		};
		D749DB641DB0ACCC00D7FEAB /* Model */ = {
			isa = PBXGroup;
			children = (
			);
			path = Model;
			sourceTree = "<group>";
		};
		D749DB651DB0ACCC00D7FEAB /* View */ = {
			isa = PBXGroup;
			children = (
				D749DB6D1DB1BFDF00D7FEAB /* ZBLTabBar.h */,
				D749DB6E1DB1BFDF00D7FEAB /* ZBLTabBar.m */,
			);
			path = View;
			sourceTree = "<group>";
		};
		D749DB691DB1243F00D7FEAB /* Category */ = {
			isa = PBXGroup;
			children = (
				D749DB6A1DB12B2D00D7FEAB /* UIImage+image.h */,
				D749DB6B1DB12B2D00D7FEAB /* UIImage+image.m */,
				D749DB701DB2A95600D7FEAB /* UIView+Frame.h */,
				D749DB711DB2A95600D7FEAB /* UIView+Frame.m */,
			);
			path = Category;
			sourceTree = "<group>";
		};
/* End PBXGroup section */

/* Begin PBXNativeTarget section */
		D749DB001DAFBC4E00D7FEAB /* BuDeJie */ = {
			isa = PBXNativeTarget;
			buildConfigurationList = D749DB2E1DAFBC5000D7FEAB /* Build configuration list for PBXNativeTarget "BuDeJie" */;
			buildPhases = (
				D749DAFD1DAFBC4E00D7FEAB /* Sources */,
				D749DAFE1DAFBC4E00D7FEAB /* Frameworks */,
				D749DAFF1DAFBC4E00D7FEAB /* Resources */,
			);
			buildRules = (
			);
			dependencies = (
			);
			name = BuDeJie;
			productName = BuDeJie;
			productReference = D749DB011DAFBC4E00D7FEAB /* BuDeJie.app */;
			productType = "com.apple.product-type.application";
		};
		D749DB191DAFBC4F00D7FEAB /* BuDeJieTests */ = {
			isa = PBXNativeTarget;
			buildConfigurationList = D749DB311DAFBC5000D7FEAB /* Build configuration list for PBXNativeTarget "BuDeJieTests" */;
			buildPhases = (
				D749DB161DAFBC4F00D7FEAB /* Sources */,
				D749DB171DAFBC4F00D7FEAB /* Frameworks */,
				D749DB181DAFBC4F00D7FEAB /* Resources */,
			);
			buildRules = (
			);
			dependencies = (
				D749DB1C1DAFBC4F00D7FEAB /* PBXTargetDependency */,
			);
			name = BuDeJieTests;
			productName = BuDeJieTests;
			productReference = D749DB1A1DAFBC4F00D7FEAB /* BuDeJieTests.xctest */;
			productType = "com.apple.product-type.bundle.unit-test";
		};
		D749DB241DAFBC4F00D7FEAB /* BuDeJieUITests */ = {
			isa = PBXNativeTarget;
			buildConfigurationList = D749DB341DAFBC5000D7FEAB /* Build configuration list for PBXNativeTarget "BuDeJieUITests" */;
			buildPhases = (
				D749DB211DAFBC4F00D7FEAB /* Sources */,
				D749DB221DAFBC4F00D7FEAB /* Frameworks */,
				D749DB231DAFBC4F00D7FEAB /* Resources */,
			);
			buildRules = (
			);
			dependencies = (
				D749DB271DAFBC4F00D7FEAB /* PBXTargetDependency */,
			);
			name = BuDeJieUITests;
			productName = BuDeJieUITests;
			productReference = D749DB251DAFBC4F00D7FEAB /* BuDeJieUITests.xctest */;
			productType = "com.apple.product-type.bundle.ui-testing";
		};
/* End PBXNativeTarget section */

/* Begin PBXProject section */
		D749DAF91DAFBC4E00D7FEAB /* Project object */ = {
			isa = PBXProject;
			attributes = {
				CLASSPREFIX = ZBL;
				LastUpgradeCheck = 0800;
				ORGANIZATIONNAME = "张伯林";
				TargetAttributes = {
					D749DB001DAFBC4E00D7FEAB = {
						CreatedOnToolsVersion = 8.0;
						DevelopmentTeam = 5AK8R5AMDE;
						ProvisioningStyle = Automatic;
					};
					D749DB191DAFBC4F00D7FEAB = {
						CreatedOnToolsVersion = 8.0;
						ProvisioningStyle = Automatic;
						TestTargetID = D749DB001DAFBC4E00D7FEAB;
					};
					D749DB241DAFBC4F00D7FEAB = {
						CreatedOnToolsVersion = 8.0;
						ProvisioningStyle = Automatic;
						TestTargetID = D749DB001DAFBC4E00D7FEAB;
					};
				};
			};
			buildConfigurationList = D749DAFC1DAFBC4E00D7FEAB /* Build configuration list for PBXProject "BuDeJie" */;
			compatibilityVersion = "Xcode 3.2";
			developmentRegion = English;
			hasScannedForEncodings = 0;
			knownRegions = (
				en,
				Base,
			);
			mainGroup = D749DAF81DAFBC4E00D7FEAB;
			productRefGroup = D749DB021DAFBC4E00D7FEAB /* Products */;
			projectDirPath = "";
			projectRoot = "";
			targets = (
				D749DB001DAFBC4E00D7FEAB /* BuDeJie */,
				D749DB191DAFBC4F00D7FEAB /* BuDeJieTests */,
				D749DB241DAFBC4F00D7FEAB /* BuDeJieUITests */,
			);
		};
/* End PBXProject section */

/* Begin PBXResourcesBuildPhase section */
		D749DAFF1DAFBC4E00D7FEAB /* Resources */ = {
			isa = PBXResourcesBuildPhase;
			buildActionMask = 2147483647;
			files = (
				D749DB141DAFBC4F00D7FEAB /* LaunchScreen.storyboard in Resources */,
				D749DB111DAFBC4F00D7FEAB /* Assets.xcassets in Resources */,
				D749DB0F1DAFBC4F00D7FEAB /* Main.storyboard in Resources */,
			);
			runOnlyForDeploymentPostprocessing = 0;
		};
		D749DB181DAFBC4F00D7FEAB /* Resources */ = {
			isa = PBXResourcesBuildPhase;
			buildActionMask = 2147483647;
			files = (
			);
			runOnlyForDeploymentPostprocessing = 0;
		};
		D749DB231DAFBC4F00D7FEAB /* Resources */ = {
			isa = PBXResourcesBuildPhase;
			buildActionMask = 2147483647;
			files = (
			);
			runOnlyForDeploymentPostprocessing = 0;
		};
/* End PBXResourcesBuildPhase section */

/* Begin PBXSourcesBuildPhase section */
		D749DAFD1DAFBC4E00D7FEAB /* Sources */ = {
			isa = PBXSourcesBuildPhase;
			buildActionMask = 2147483647;
			files = (
				D749DB681DB0ACF800D7FEAB /* ZBLTabBarController.m in Sources */,
				D749DB571DAFF1D300D7FEAB /* ZBLFriendTrendViewController.m in Sources */,
				D749DB501DAFF13D00D7FEAB /* AppDelegate.m in Sources */,
				D749DB511DAFF13D00D7FEAB /* main.m in Sources */,
				D749DB611DAFF26900D7FEAB /* ZBLPublishViewController.m in Sources */,
				D749DB5A1DAFF21200D7FEAB /* ZBLMeViewController.m in Sources */,
				D749DB541DAFF18900D7FEAB /* ZBLEssenceViewController.m in Sources */,
				D749DB5D1DAFF23A00D7FEAB /* ZBLNewViewController.m in Sources */,
				D749DB6F1DB1BFDF00D7FEAB /* ZBLTabBar.m in Sources */,
				D749DB6C1DB12B2D00D7FEAB /* UIImage+image.m in Sources */,
				D749DB721DB2A95600D7FEAB /* UIView+Frame.m in Sources */,
			);
			runOnlyForDeploymentPostprocessing = 0;
		};
		D749DB161DAFBC4F00D7FEAB /* Sources */ = {
			isa = PBXSourcesBuildPhase;
			buildActionMask = 2147483647;
			files = (
				D749DB1F1DAFBC4F00D7FEAB /* BuDeJieTests.m in Sources */,
			);
			runOnlyForDeploymentPostprocessing = 0;
		};
		D749DB211DAFBC4F00D7FEAB /* Sources */ = {
			isa = PBXSourcesBuildPhase;
			buildActionMask = 2147483647;
			files = (
				D749DB2A1DAFBC4F00D7FEAB /* BuDeJieUITests.m in Sources */,
			);
			runOnlyForDeploymentPostprocessing = 0;
		};
/* End PBXSourcesBuildPhase section */

/* Begin PBXTargetDependency section */
		D749DB1C1DAFBC4F00D7FEAB /* PBXTargetDependency */ = {
			isa = PBXTargetDependency;
			target = D749DB001DAFBC4E00D7FEAB /* BuDeJie */;
			targetProxy = D749DB1B1DAFBC4F00D7FEAB /* PBXContainerItemProxy */;
		};
		D749DB271DAFBC4F00D7FEAB /* PBXTargetDependency */ = {
			isa = PBXTargetDependency;
			target = D749DB001DAFBC4E00D7FEAB /* BuDeJie */;
			targetProxy = D749DB261DAFBC4F00D7FEAB /* PBXContainerItemProxy */;
		};
/* End PBXTargetDependency section */

/* Begin PBXVariantGroup section */
		D749DB0D1DAFBC4F00D7FEAB /* Main.storyboard */ = {
			isa = PBXVariantGroup;
			children = (
				D749DB0E1DAFBC4F00D7FEAB /* Base */,
			);
			name = Main.storyboard;
			sourceTree = "<group>";
		};
		D749DB121DAFBC4F00D7FEAB /* LaunchScreen.storyboard */ = {
			isa = PBXVariantGroup;
			children = (
				D749DB131DAFBC4F00D7FEAB /* Base */,
			);
			name = LaunchScreen.storyboard;
			sourceTree = "<group>";
		};
/* End PBXVariantGroup section */

/* Begin XCBuildConfiguration section */
		D749DB2C1DAFBC5000D7FEAB /* Debug */ = {
			isa = XCBuildConfiguration;
			buildSettings = {
				ALWAYS_SEARCH_USER_PATHS = NO;
				CLANG_ANALYZER_NONNULL = YES;
				CLANG_CXX_LANGUAGE_STANDARD = "gnu++0x";
				CLANG_CXX_LIBRARY = "libc++";
				CLANG_ENABLE_MODULES = YES;
				CLANG_ENABLE_OBJC_ARC = YES;
				CLANG_WARN_BOOL_CONVERSION = YES;
				CLANG_WARN_CONSTANT_CONVERSION = YES;
				CLANG_WARN_DIRECT_OBJC_ISA_USAGE = YES_ERROR;
				CLANG_WARN_DOCUMENTATION_COMMENTS = YES;
				CLANG_WARN_EMPTY_BODY = YES;
				CLANG_WARN_ENUM_CONVERSION = YES;
				CLANG_WARN_INFINITE_RECURSION = YES;
				CLANG_WARN_INT_CONVERSION = YES;
				CLANG_WARN_OBJC_ROOT_CLASS = YES_ERROR;
				CLANG_WARN_SUSPICIOUS_MOVES = YES;
				CLANG_WARN_UNREACHABLE_CODE = YES;
				CLANG_WARN__DUPLICATE_METHOD_MATCH = YES;
				"CODE_SIGN_IDENTITY[sdk=iphoneos*]" = "iPhone Developer";
				COPY_PHASE_STRIP = NO;
				DEBUG_INFORMATION_FORMAT = dwarf;
				ENABLE_STRICT_OBJC_MSGSEND = YES;
				ENABLE_TESTABILITY = YES;
				GCC_C_LANGUAGE_STANDARD = gnu99;
				GCC_DYNAMIC_NO_PIC = NO;
				GCC_NO_COMMON_BLOCKS = YES;
				GCC_OPTIMIZATION_LEVEL = 0;
				GCC_PREPROCESSOR_DEFINITIONS = (
					"DEBUG=1",
					"$(inherited)",
				);
				GCC_WARN_64_TO_32_BIT_CONVERSION = YES;
				GCC_WARN_ABOUT_RETURN_TYPE = YES_ERROR;
				GCC_WARN_UNDECLARED_SELECTOR = YES;
				GCC_WARN_UNINITIALIZED_AUTOS = YES_AGGRESSIVE;
				GCC_WARN_UNUSED_FUNCTION = YES;
				GCC_WARN_UNUSED_VARIABLE = YES;
				IPHONEOS_DEPLOYMENT_TARGET = 10.0;
				MTL_ENABLE_DEBUG_INFO = YES;
				ONLY_ACTIVE_ARCH = YES;
				SDKROOT = iphoneos;
				TARGETED_DEVICE_FAMILY = "1,2";
			};
			name = Debug;
		};
		D749DB2D1DAFBC5000D7FEAB /* Release */ = {
			isa = XCBuildConfiguration;
			buildSettings = {
				ALWAYS_SEARCH_USER_PATHS = NO;
				CLANG_ANALYZER_NONNULL = YES;
				CLANG_CXX_LANGUAGE_STANDARD = "gnu++0x";
				CLANG_CXX_LIBRARY = "libc++";
				CLANG_ENABLE_MODULES = YES;
				CLANG_ENABLE_OBJC_ARC = YES;
				CLANG_WARN_BOOL_CONVERSION = YES;
				CLANG_WARN_CONSTANT_CONVERSION = YES;
				CLANG_WARN_DIRECT_OBJC_ISA_USAGE = YES_ERROR;
				CLANG_WARN_DOCUMENTATION_COMMENTS = YES;
				CLANG_WARN_EMPTY_BODY = YES;
				CLANG_WARN_ENUM_CONVERSION = YES;
				CLANG_WARN_INFINITE_RECURSION = YES;
				CLANG_WARN_INT_CONVERSION = YES;
				CLANG_WARN_OBJC_ROOT_CLASS = YES_ERROR;
				CLANG_WARN_SUSPICIOUS_MOVES = YES;
				CLANG_WARN_UNREACHABLE_CODE = YES;
				CLANG_WARN__DUPLICATE_METHOD_MATCH = YES;
				"CODE_SIGN_IDENTITY[sdk=iphoneos*]" = "iPhone Developer";
				COPY_PHASE_STRIP = NO;
				DEBUG_INFORMATION_FORMAT = "dwarf-with-dsym";
				ENABLE_NS_ASSERTIONS = NO;
				ENABLE_STRICT_OBJC_MSGSEND = YES;
				GCC_C_LANGUAGE_STANDARD = gnu99;
				GCC_NO_COMMON_BLOCKS = YES;
				GCC_WARN_64_TO_32_BIT_CONVERSION = YES;
				GCC_WARN_ABOUT_RETURN_TYPE = YES_ERROR;
				GCC_WARN_UNDECLARED_SELECTOR = YES;
				GCC_WARN_UNINITIALIZED_AUTOS = YES_AGGRESSIVE;
				GCC_WARN_UNUSED_FUNCTION = YES;
				GCC_WARN_UNUSED_VARIABLE = YES;
				IPHONEOS_DEPLOYMENT_TARGET = 10.0;
				MTL_ENABLE_DEBUG_INFO = NO;
				SDKROOT = iphoneos;
				TARGETED_DEVICE_FAMILY = "1,2";
				VALIDATE_PRODUCT = YES;
			};
			name = Release;
		};
		D749DB2F1DAFBC5000D7FEAB /* Debug */ = {
			isa = XCBuildConfiguration;
			buildSettings = {
				ASSETCATALOG_COMPILER_APPICON_NAME = AppIcon;
				ASSETCATALOG_COMPILER_LAUNCHIMAGE_NAME = LaunchImage;
				DEVELOPMENT_TEAM = 5AK8R5AMDE;
				GCC_PREFIX_HEADER = BuDeJie/Classes/Other/BuDeJie.pch;
				INFOPLIST_FILE = BuDeJie/Info.plist;
				IPHONEOS_DEPLOYMENT_TARGET = 8.0;
				LD_RUNPATH_SEARCH_PATHS = "$(inherited) @executable_path/Frameworks";
				PRODUCT_BUNDLE_IDENTIFIER = ZBL.BuDeJie;
				PRODUCT_NAME = "$(TARGET_NAME)";
				TARGETED_DEVICE_FAMILY = 1;
			};
			name = Debug;
		};
		D749DB301DAFBC5000D7FEAB /* Release */ = {
			isa = XCBuildConfiguration;
			buildSettings = {
				ASSETCATALOG_COMPILER_APPICON_NAME = AppIcon;
				ASSETCATALOG_COMPILER_LAUNCHIMAGE_NAME = LaunchImage;
				DEVELOPMENT_TEAM = 5AK8R5AMDE;
				GCC_PREFIX_HEADER = BuDeJie/Classes/Other/BuDeJie.pch;
				INFOPLIST_FILE = BuDeJie/Info.plist;
				IPHONEOS_DEPLOYMENT_TARGET = 8.0;
				LD_RUNPATH_SEARCH_PATHS = "$(inherited) @executable_path/Frameworks";
				PRODUCT_BUNDLE_IDENTIFIER = ZBL.BuDeJie;
				PRODUCT_NAME = "$(TARGET_NAME)";
				TARGETED_DEVICE_FAMILY = 1;
			};
			name = Release;
		};
		D749DB321DAFBC5000D7FEAB /* Debug */ = {
			isa = XCBuildConfiguration;
			buildSettings = {
				BUNDLE_LOADER = "$(TEST_HOST)";
				INFOPLIST_FILE = BuDeJieTests/Info.plist;
				LD_RUNPATH_SEARCH_PATHS = "$(inherited) @executable_path/Frameworks @loader_path/Frameworks";
				PRODUCT_BUNDLE_IDENTIFIER = ZBL.BuDeJieTests;
				PRODUCT_NAME = "$(TARGET_NAME)";
				TEST_HOST = "$(BUILT_PRODUCTS_DIR)/BuDeJie.app/BuDeJie";
			};
			name = Debug;
		};
		D749DB331DAFBC5000D7FEAB /* Release */ = {
			isa = XCBuildConfiguration;
			buildSettings = {
				BUNDLE_LOADER = "$(TEST_HOST)";
				INFOPLIST_FILE = BuDeJieTests/Info.plist;
				LD_RUNPATH_SEARCH_PATHS = "$(inherited) @executable_path/Frameworks @loader_path/Frameworks";
				PRODUCT_BUNDLE_IDENTIFIER = ZBL.BuDeJieTests;
				PRODUCT_NAME = "$(TARGET_NAME)";
				TEST_HOST = "$(BUILT_PRODUCTS_DIR)/BuDeJie.app/BuDeJie";
			};
			name = Release;
		};
		D749DB351DAFBC5000D7FEAB /* Debug */ = {
			isa = XCBuildConfiguration;
			buildSettings = {
				INFOPLIST_FILE = BuDeJieUITests/Info.plist;
				LD_RUNPATH_SEARCH_PATHS = "$(inherited) @executable_path/Frameworks @loader_path/Frameworks";
				PRODUCT_BUNDLE_IDENTIFIER = ZBL.BuDeJieUITests;
				PRODUCT_NAME = "$(TARGET_NAME)";
				TEST_TARGET_NAME = BuDeJie;
			};
			name = Debug;
		};
		D749DB361DAFBC5000D7FEAB /* Release */ = {
			isa = XCBuildConfiguration;
			buildSettings = {
				INFOPLIST_FILE = BuDeJieUITests/Info.plist;
				LD_RUNPATH_SEARCH_PATHS = "$(inherited) @executable_path/Frameworks @loader_path/Frameworks";
				PRODUCT_BUNDLE_IDENTIFIER = ZBL.BuDeJieUITests;
				PRODUCT_NAME = "$(TARGET_NAME)";
				TEST_TARGET_NAME = BuDeJie;
			};
			name = Release;
		};
/* End XCBuildConfiguration section */

/* Begin XCConfigurationList section */
		D749DAFC1DAFBC4E00D7FEAB /* Build configuration list for PBXProject "BuDeJie" */ = {
			isa = XCConfigurationList;
			buildConfigurations = (
				D749DB2C1DAFBC5000D7FEAB /* Debug */,
				D749DB2D1DAFBC5000D7FEAB /* Release */,
			);
			defaultConfigurationIsVisible = 0;
			defaultConfigurationName = Release;
		};
		D749DB2E1DAFBC5000D7FEAB /* Build configuration list for PBXNativeTarget "BuDeJie" */ = {
			isa = XCConfigurationList;
			buildConfigurations = (
				D749DB2F1DAFBC5000D7FEAB /* Debug */,
				D749DB301DAFBC5000D7FEAB /* Release */,
			);
			defaultConfigurationIsVisible = 0;
		};
		D749DB311DAFBC5000D7FEAB /* Build configuration list for PBXNativeTarget "BuDeJieTests" */ = {
			isa = XCConfigurationList;
			buildConfigurations = (
				D749DB321DAFBC5000D7FEAB /* Debug */,
				D749DB331DAFBC5000D7FEAB /* Release */,
			);
			defaultConfigurationIsVisible = 0;
		};
		D749DB341DAFBC5000D7FEAB /* Build configuration list for PBXNativeTarget "BuDeJieUITests" */ = {
			isa = XCConfigurationList;
			buildConfigurations = (
				D749DB351DAFBC5000D7FEAB /* Debug */,
				D749DB361DAFBC5000D7FEAB /* Release */,
			);
			defaultConfigurationIsVisible = 0;
		};
/* End XCConfigurationList section */
	};
	rootObject = D749DAF91DAFBC4E00D7FEAB /* Project object */;
}
